
Microsoft Visual Studio Solution File, Format Version 12.00
# Visual Studio Version 16
VisualStudioVersion = 16.0.28922.388
MinimumVisualStudioVersion = 10.0.40219.1
Project("{FAE04EC0-301F-11D3-BF4B-00C04F79EFBC}") = "TravelAgenncyUI", "TravelAgenncyUI\TravelAgenncyUI.csproj", "{2CE1E0D9-293F-4CA4-A00C-AC43EC0E58D6}"
EndProject
Project("{FAE04EC0-301F-11D3-BF4B-00C04F79EFBC}") = "TravelDAL", "TravelDAL\TravelDAL.csproj", "{39CAEB63-188B-4F5E-AC78-91A6DCEA8571}"
EndProject
Project("{FAE04EC0-301F-11D3-BF4B-00C04F79EFBC}") = "TravelBLL", "TravelBLL\TravelBLL.csproj", "{F7F72A73-ACA1-4400-9119-D547E7B63754}"
EndProject
Global
	GlobalSection(SolutionConfigurationPlatforms) = preSolution
		Debug|Any CPU = Debug|Any CPU
		Release|Any CPU = Release|Any CPU
	EndGlobalSection
	GlobalSection(ProjectConfigurationPlatforms) = postSolution
		{2CE1E0D9-293F-4CA4-A00C-AC43EC0E58D6}.Debug|Any CPU.ActiveCfg = Debug|Any CPU
		{2CE1E0D9-293F-4CA4-A00C-AC43EC0E58D6}.Debug|Any CPU.Build.0 = Debug|Any CPU
		{2CE1E0D9-293F-4CA4-A00C-AC43EC0E58D6}.Release|Any CPU.ActiveCfg = Release|Any CPU
		{2CE1E0D9-293F-4CA4-A00C-AC43EC0E58D6}.Release|Any CPU.Build.0 = Release|Any CPU
		{39CAEB63-188B-4F5E-AC78-91A6DCEA8571}.Debug|Any CPU.ActiveCfg = Debug|Any CPU
		{39CAEB63-188B-4F5E-AC78-91A6DCEA8571}.Debug|Any CPU.Build.0 = Debug|Any CPU
		{39CAEB63-188B-4F5E-AC78-91A6DCEA8571}.Release|Any CPU.ActiveCfg = Release|Any CPU
		{39CAEB63-188B-4F5E-AC78-91A6DCEA8571}.Release|Any CPU.Build.0 = Release|Any CPU
		{F7F72A73-ACA1-4400-9119-D547E7B63754}.Debug|Any CPU.ActiveCfg = Debug|Any CPU
		{F7F72A73-ACA1-4400-9119-D547E7B63754}.Debug|Any CPU.Build.0 = Debug|Any CPU
		{F7F72A73-ACA1-4400-9119-D547E7B63754}.Release|Any CPU.ActiveCfg = Release|Any CPU
		{F7F72A73-ACA1-4400-9119-D547E7B63754}.Release|Any CPU.Build.0 = Release|Any CPU
	EndGlobalSection
	GlobalSection(SolutionProperties) = preSolution
		HideSolutionNode = FALSE
	EndGlobalSection
	GlobalSection(ExtensibilityGlobals) = postSolution
		SolutionGuid = {F4F1CFFB-0FF8-4235-B0FE-69AA80448EEF}
	EndGlobalSection
EndGlobal
